
Microsoft Visual Studio Solution File, Format Version 12.00
# Visual Studio Version 16
VisualStudioVersion = 25.0.1706.7
MinimumVisualStudioVersion = 10.0.40219.1
Project("{FAE04EC0-301F-11D3-BF4B-00C04F79EFBC}") = "dotnet-auth", "dotnet-auth.csproj", "{659160DA-8966-404E-9BC9-B8030188677A}"
EndProject
Global
	GlobalSection(SolutionConfigurationPlatforms) = preSolution
		Debug|Any CPU = Debug|Any CPU
		Release|Any CPU = Release|Any CPU
	EndGlobalSection
	GlobalSection(ProjectConfigurationPlatforms) = postSolution
		{659160DA-8966-404E-9BC9-B8030188677A}.Debug|Any CPU.ActiveCfg = Debug|Any CPU
		{659160DA-8966-404E-9BC9-B8030188677A}.Debug|Any CPU.Build.0 = Debug|Any CPU
		{659160DA-8966-404E-9BC9-B8030188677A}.Release|Any CPU.ActiveCfg = Release|Any CPU
		{659160DA-8966-404E-9BC9-B8030188677A}.Release|Any CPU.Build.0 = Release|Any CPU
	EndGlobalSection
	GlobalSection(SolutionProperties) = preSolution
		HideSolutionNode = FALSE
	EndGlobalSection
	GlobalSection(ExtensibilityGlobals) = postSolution
		SolutionGuid = {041D4E42-1317-49E6-8995-FF7B3E827F11}
	EndGlobalSection
EndGlobal
